
Microsoft Visual Studio Solution File, Format Version 12.00
# Visual Studio 2015
Project("{FAE04EC0-301F-11D3-BF4B-00C04F79EFBC}") = "WadjetUnity", "WadjetUnity.csproj", "{2AA6FD43-6848-DD52-9611-65327AC3B59E}"
EndProject
Project("{FAE04EC0-301F-11D3-BF4B-00C04F79EFBC}") = "WadjetUnity.Editor", "WadjetUnity.Editor.csproj", "{63303ACA-E14E-A4D0-AA5C-2CF609853EDD}"
EndProject
Global
	GlobalSection(SolutionConfigurationPlatforms) = preSolution
		Debug|Any CPU = Debug|Any CPU
		Release|Any CPU = Release|Any CPU
	EndGlobalSection
	GlobalSection(ProjectConfigurationPlatforms) = postSolution
		{2AA6FD43-6848-DD52-9611-65327AC3B59E}.Debug|Any CPU.ActiveCfg = Debug|Any CPU
		{2AA6FD43-6848-DD52-9611-65327AC3B59E}.Debug|Any CPU.Build.0 = Debug|Any CPU
		{2AA6FD43-6848-DD52-9611-65327AC3B59E}.Release|Any CPU.ActiveCfg = Release|Any CPU
		{2AA6FD43-6848-DD52-9611-65327AC3B59E}.Release|Any CPU.Build.0 = Release|Any CPU
		{63303ACA-E14E-A4D0-AA5C-2CF609853EDD}.Debug|Any CPU.ActiveCfg = Debug|Any CPU
		{63303ACA-E14E-A4D0-AA5C-2CF609853EDD}.Debug|Any CPU.Build.0 = Debug|Any CPU
		{63303ACA-E14E-A4D0-AA5C-2CF609853EDD}.Release|Any CPU.ActiveCfg = Release|Any CPU
		{63303ACA-E14E-A4D0-AA5C-2CF609853EDD}.Release|Any CPU.Build.0 = Release|Any CPU
	EndGlobalSection
	GlobalSection(SolutionProperties) = preSolution
		HideSolutionNode = FALSE
	EndGlobalSection
EndGlobal
